
Microsoft Visual Studio Solution File, Format Version 12.00
# Visual Studio 14
VisualStudioVersion = 14.0.25123.0
MinimumVisualStudioVersion = 10.0.40219.1
Project("{FAE04EC0-301F-11D3-BF4B-00C04F79EFBC}") = "Elastikken", "Elastikken\Elastikken.csproj", "{3F46C099-32D3-4D86-8891-62C2FF3BDDCA}"
EndProject
Project("{FAE04EC0-301F-11D3-BF4B-00C04F79EFBC}") = "Elastikken.Tests", "Elastikken.Tests\Elastikken.Tests.csproj", "{5079C100-80B2-408A-91AB-C015167408EB}"
EndProject
Global
	GlobalSection(SolutionConfigurationPlatforms) = preSolution
		Debug|Any CPU = Debug|Any CPU
		Release|Any CPU = Release|Any CPU
	EndGlobalSection
	GlobalSection(ProjectConfigurationPlatforms) = postSolution
		{3F46C099-32D3-4D86-8891-62C2FF3BDDCA}.Debug|Any CPU.ActiveCfg = Debug|Any CPU
		{3F46C099-32D3-4D86-8891-62C2FF3BDDCA}.Debug|Any CPU.Build.0 = Debug|Any CPU
		{3F46C099-32D3-4D86-8891-62C2FF3BDDCA}.Release|Any CPU.ActiveCfg = Release|Any CPU
		{3F46C099-32D3-4D86-8891-62C2FF3BDDCA}.Release|Any CPU.Build.0 = Release|Any CPU
		{5079C100-80B2-408A-91AB-C015167408EB}.Debug|Any CPU.ActiveCfg = Debug|Any CPU
		{5079C100-80B2-408A-91AB-C015167408EB}.Debug|Any CPU.Build.0 = Debug|Any CPU
		{5079C100-80B2-408A-91AB-C015167408EB}.Release|Any CPU.ActiveCfg = Release|Any CPU
		{5079C100-80B2-408A-91AB-C015167408EB}.Release|Any CPU.Build.0 = Release|Any CPU
	EndGlobalSection
	GlobalSection(SolutionProperties) = preSolution
		HideSolutionNode = FALSE
	EndGlobalSection
EndGlobal
